// !$*UTF8*$!
{
	archiveVersion = 1;
	classes = {
	};
	objectVersion = 46;
	objects = {

/* Begin PBXBuildFile section */
		0A35563F1D63447D0063F587 /* main.m in Sources */ = {isa = PBXBuildFile; fileRef = 0A35563E1D63447D0063F587 /* main.m */; };
		0A3556421D63447D0063F587 /* AppDelegate.m in Sources */ = {isa = PBXBuildFile; fileRef = 0A3556411D63447D0063F587 /* AppDelegate.m */; };
		0A3556451D63447D0063F587 /* ViewController.m in Sources */ = {isa = PBXBuildFile; fileRef = 0A3556441D63447D0063F587 /* ViewController.m */; };
		0A3556481D63447D0063F587 /* Main.storyboard in Resources */ = {isa = PBXBuildFile; fileRef = 0A3556461D63447D0063F587 /* Main.storyboard */; };
		0A35564A1D63447D0063F587 /* Assets.xcassets in Resources */ = {isa = PBXBuildFile; fileRef = 0A3556491D63447D0063F587 /* Assets.xcassets */; };
		0A35564D1D63447D0063F587 /* LaunchScreen.storyboard in Resources */ = {isa = PBXBuildFile; fileRef = 0A35564B1D63447D0063F587 /* LaunchScreen.storyboard */; };
		0A3556561D63450D0063F587 /* MXTextModel.m in Sources */ = {isa = PBXBuildFile; fileRef = 0A3556551D63450D0063F587 /* MXTextModel.m */; };
		0A6A77BC1D76FBBB00CEE60E /* GMPAppInfo.m in Sources */ = {isa = PBXBuildFile; fileRef = 0A6A77BB1D76FBBB00CEE60E /* GMPAppInfo.m */; };
		0A79DE8A1D7691390059C7C6 /* AFNetworking.framework in Resources */ = {isa = PBXBuildFile; fileRef = 0AA61A2C1D61AACD001B425D /* AFNetworking.framework */; };
		0A79DE8B1D7691530059C7C6 /* MXWebService.framework in Resources */ = {isa = PBXBuildFile; fileRef = 0AA619EB1D61A7A4001B425D /* MXWebService.framework */; };
		0A79DE8F1D76A3E30059C7C6 /* MXWebService.framework in Frameworks */ = {isa = PBXBuildFile; fileRef = 0AA619EB1D61A7A4001B425D /* MXWebService.framework */; };
		0A79DE901D76A3E30059C7C6 /* MXWebService.framework in Embed Frameworks */ = {isa = PBXBuildFile; fileRef = 0AA619EB1D61A7A4001B425D /* MXWebService.framework */; settings = {ATTRIBUTES = (CodeSignOnCopy, RemoveHeadersOnCopy, ); }; };
		0A79DE951D76A4360059C7C6 /* AFNetworking.framework in Frameworks */ = {isa = PBXBuildFile; fileRef = 0AA61A2C1D61AACD001B425D /* AFNetworking.framework */; };
		0A79DE961D76A4360059C7C6 /* AFNetworking.framework in Embed Frameworks */ = {isa = PBXBuildFile; fileRef = 0AA61A2C1D61AACD001B425D /* AFNetworking.framework */; settings = {ATTRIBUTES = (CodeSignOnCopy, RemoveHeadersOnCopy, ); }; };
		0AA50E261D65AF9A0018C7DD /* MXPublicParamsFactory.h in Headers */ = {isa = PBXBuildFile; fileRef = 0AA50E241D65AF9A0018C7DD /* MXPublicParamsFactory.h */; settings = {ATTRIBUTES = (Public, ); }; };
		0AA50E271D65AF9A0018C7DD /* MXPublicParamsFactory.m in Sources */ = {isa = PBXBuildFile; fileRef = 0AA50E251D65AF9A0018C7DD /* MXPublicParamsFactory.m */; };
		0AA50E2A1D65B84A0018C7DD /* MXGomePlusPublicParams.m in Sources */ = {isa = PBXBuildFile; fileRef = 0AA50E291D65B84A0018C7DD /* MXGomePlusPublicParams.m */; };
		0AA50E321D65C5020018C7DD /* GGSafeHelper.m in Sources */ = {isa = PBXBuildFile; fileRef = 0AA50E2D1D65C5020018C7DD /* GGSafeHelper.m */; };
		0AA50E331D65C5020018C7DD /* NSData+Encryption.m in Sources */ = {isa = PBXBuildFile; fileRef = 0AA50E2F1D65C5020018C7DD /* NSData+Encryption.m */; };
		0AA50E341D65C5020018C7DD /* NSString+Encryption.m in Sources */ = {isa = PBXBuildFile; fileRef = 0AA50E311D65C5020018C7DD /* NSString+Encryption.m */; };
		0AA619EF1D61A7A4001B425D /* MXWebService.h in Headers */ = {isa = PBXBuildFile; fileRef = 0AA619EE1D61A7A4001B425D /* MXWebService.h */; settings = {ATTRIBUTES = (Public, ); }; };
		0AA619F61D61A7A4001B425D /* MXWebService.framework in Frameworks */ = {isa = PBXBuildFile; fileRef = 0AA619EB1D61A7A4001B425D /* MXWebService.framework */; };
		0AA619FB1D61A7A4001B425D /* MXWebServiceTests.m in Sources */ = {isa = PBXBuildFile; fileRef = 0AA619FA1D61A7A4001B425D /* MXWebServiceTests.m */; };
		0AA61A191D61A845001B425D /* create_webservice.sh in Resources */ = {isa = PBXBuildFile; fileRef = 0AA61A051D61A845001B425D /* create_webservice.sh */; };
		0AA61A1A1D61A845001B425D /* MXDataConverterFactory.h in Headers */ = {isa = PBXBuildFile; fileRef = 0AA61A071D61A845001B425D /* MXDataConverterFactory.h */; settings = {ATTRIBUTES = (Public, ); }; };
		0AA61A1B1D61A845001B425D /* MXDataConverterFactory.m in Sources */ = {isa = PBXBuildFile; fileRef = 0AA61A081D61A845001B425D /* MXDataConverterFactory.m */; };
		0AA61A1C1D61A845001B425D /* MXDictionryConvertable.h in Headers */ = {isa = PBXBuildFile; fileRef = 0AA61A091D61A845001B425D /* MXDictionryConvertable.h */; settings = {ATTRIBUTES = (Public, ); }; };
		0AA61A1D1D61A845001B425D /* MXGomePlusConverter.h in Headers */ = {isa = PBXBuildFile; fileRef = 0AA61A0A1D61A845001B425D /* MXGomePlusConverter.h */; settings = {ATTRIBUTES = (Public, ); }; };
		0AA61A1E1D61A845001B425D /* MXGomePlusConverter.m in Sources */ = {isa = PBXBuildFile; fileRef = 0AA61A0B1D61A845001B425D /* MXGomePlusConverter.m */; };
		0AA61A1F1D61A845001B425D /* MXMethodDescription.h in Headers */ = {isa = PBXBuildFile; fileRef = 0AA61A0C1D61A845001B425D /* MXMethodDescription.h */; };
		0AA61A201D61A845001B425D /* MXMethodDescription.m in Sources */ = {isa = PBXBuildFile; fileRef = 0AA61A0D1D61A845001B425D /* MXMethodDescription.m */; };
		0AA61A211D61A845001B425D /* MXParameterizeResult.h in Headers */ = {isa = PBXBuildFile; fileRef = 0AA61A0E1D61A845001B425D /* MXParameterizeResult.h */; };
		0AA61A221D61A845001B425D /* MXParameterizeResult.m in Sources */ = {isa = PBXBuildFile; fileRef = 0AA61A0F1D61A845001B425D /* MXParameterizeResult.m */; };
		0AA61A231D61A845001B425D /* MXProtocolImpl.h in Headers */ = {isa = PBXBuildFile; fileRef = 0AA61A101D61A845001B425D /* MXProtocolImpl.h */; };
		0AA61A241D61A845001B425D /* MXProtocolImpl.m in Sources */ = {isa = PBXBuildFile; fileRef = 0AA61A111D61A845001B425D /* MXProtocolImpl.m */; };
		0AA61A251D61A845001B425D /* MXTypeEncoding.h in Headers */ = {isa = PBXBuildFile; fileRef = 0AA61A121D61A845001B425D /* MXTypeEncoding.h */; };
		0AA61A261D61A845001B425D /* MXTypeEncoding.m in Sources */ = {isa = PBXBuildFile; fileRef = 0AA61A131D61A845001B425D /* MXTypeEncoding.m */; };
		0AA61A271D61A845001B425D /* MXWebClient.h in Headers */ = {isa = PBXBuildFile; fileRef = 0AA61A141D61A845001B425D /* MXWebClient.h */; settings = {ATTRIBUTES = (Public, ); }; };
		0AA61A281D61A845001B425D /* MXWebClient.m in Sources */ = {isa = PBXBuildFile; fileRef = 0AA61A151D61A845001B425D /* MXWebClient.m */; };
		0AA61A291D61A845001B425D /* NSInvocation+MXUtils.h in Headers */ = {isa = PBXBuildFile; fileRef = 0AA61A161D61A845001B425D /* NSInvocation+MXUtils.h */; };
		0AA61A2A1D61A845001B425D /* NSInvocation+MXUtils.m in Sources */ = {isa = PBXBuildFile; fileRef = 0AA61A171D61A845001B425D /* NSInvocation+MXUtils.m */; };
		0AA61A2B1D61A845001B425D /* parse_webservice.pl in Resources */ = {isa = PBXBuildFile; fileRef = 0AA61A181D61A845001B425D /* parse_webservice.pl */; };
		0AA61A2E1D61AACD001B425D /* AFNetworking.framework in Frameworks */ = {isa = PBXBuildFile; fileRef = 0AA61A2C1D61AACD001B425D /* AFNetworking.framework */; };
/* End PBXBuildFile section */

/* Begin PBXContainerItemProxy section */
		0A79DE911D76A3E30059C7C6 /* PBXContainerItemProxy */ = {
			isa = PBXContainerItemProxy;
			containerPortal = 0AA619E21D61A7A4001B425D /* Project object */;
			proxyType = 1;
			remoteGlobalIDString = 0AA619EA1D61A7A4001B425D;
			remoteInfo = MXWebService;
		};
		0AA619F71D61A7A4001B425D /* PBXContainerItemProxy */ = {
			isa = PBXContainerItemProxy;
			containerPortal = 0AA619E21D61A7A4001B425D /* Project object */;
			proxyType = 1;
			remoteGlobalIDString = 0AA619EA1D61A7A4001B425D;
			remoteInfo = MXWebService;
		};
/* End PBXContainerItemProxy section */

/* Begin PBXCopyFilesBuildPhase section */
		0A79DE931D76A3E30059C7C6 /* Embed Frameworks */ = {
			isa = PBXCopyFilesBuildPhase;
			buildActionMask = 2147483647;
			dstPath = "";
			dstSubfolderSpec = 10;
			files = (
				0A79DE901D76A3E30059C7C6 /* MXWebService.framework in Embed Frameworks */,
				0A79DE961D76A4360059C7C6 /* AFNetworking.framework in Embed Frameworks */,
			);
			name = "Embed Frameworks";
			runOnlyForDeploymentPostprocessing = 0;
		};
/* End PBXCopyFilesBuildPhase section */

/* Begin PBXFileReference section */
		0A35563B1D63447D0063F587 /* MXWebServiceDemo.app */ = {isa = PBXFileReference; explicitFileType = wrapper.application; includeInIndex = 0; path = MXWebServiceDemo.app; sourceTree = BUILT_PRODUCTS_DIR; };
		0A35563E1D63447D0063F587 /* main.m */ = {isa = PBXFileReference; lastKnownFileType = sourcecode.c.objc; path = main.m; sourceTree = "<group>"; };
		0A3556401D63447D0063F587 /* AppDelegate.h */ = {isa = PBXFileReference; lastKnownFileType = sourcecode.c.h; path = AppDelegate.h; sourceTree = "<group>"; };
		0A3556411D63447D0063F587 /* AppDelegate.m */ = {isa = PBXFileReference; lastKnownFileType = sourcecode.c.objc; path = AppDelegate.m; sourceTree = "<group>"; };
		0A3556431D63447D0063F587 /* ViewController.h */ = {isa = PBXFileReference; lastKnownFileType = sourcecode.c.h; path = ViewController.h; sourceTree = "<group>"; };
		0A3556441D63447D0063F587 /* ViewController.m */ = {isa = PBXFileReference; lastKnownFileType = sourcecode.c.objc; path = ViewController.m; sourceTree = "<group>"; };
		0A3556471D63447D0063F587 /* Base */ = {isa = PBXFileReference; lastKnownFileType = file.storyboard; name = Base; path = Base.lproj/Main.storyboard; sourceTree = "<group>"; };
		0A3556491D63447D0063F587 /* Assets.xcassets */ = {isa = PBXFileReference; lastKnownFileType = folder.assetcatalog; path = Assets.xcassets; sourceTree = "<group>"; };
		0A35564C1D63447D0063F587 /* Base */ = {isa = PBXFileReference; lastKnownFileType = file.storyboard; name = Base; path = Base.lproj/LaunchScreen.storyboard; sourceTree = "<group>"; };
		0A35564E1D63447D0063F587 /* Info.plist */ = {isa = PBXFileReference; lastKnownFileType = text.plist.xml; path = Info.plist; sourceTree = "<group>"; };
		0A3556521D63450D0063F587 /* ModuleTestApi.h */ = {isa = PBXFileReference; fileEncoding = 4; lastKnownFileType = sourcecode.c.h; name = ModuleTestApi.h; path = MXWebServiceTests/ModuleTestApi.h; sourceTree = SOURCE_ROOT; };
		0A3556531D63450D0063F587 /* MXTextApi.h */ = {isa = PBXFileReference; fileEncoding = 4; lastKnownFileType = sourcecode.c.h; name = MXTextApi.h; path = MXWebServiceTests/MXTextApi.h; sourceTree = SOURCE_ROOT; };
		0A3556541D63450D0063F587 /* MXTextModel.h */ = {isa = PBXFileReference; fileEncoding = 4; lastKnownFileType = sourcecode.c.h; name = MXTextModel.h; path = MXWebServiceTests/MXTextModel.h; sourceTree = SOURCE_ROOT; };
		0A3556551D63450D0063F587 /* MXTextModel.m */ = {isa = PBXFileReference; fileEncoding = 4; lastKnownFileType = sourcecode.c.objc; name = MXTextModel.m; path = MXWebServiceTests/MXTextModel.m; sourceTree = SOURCE_ROOT; };
		0A35565C1D634BE00063F587 /* MXWebServiceDemo.pch */ = {isa = PBXFileReference; lastKnownFileType = sourcecode.c.h; path = MXWebServiceDemo.pch; sourceTree = "<group>"; };
		0A6A77BA1D76FBBB00CEE60E /* GMPAppInfo.h */ = {isa = PBXFileReference; fileEncoding = 4; lastKnownFileType = sourcecode.c.h; path = GMPAppInfo.h; sourceTree = "<group>"; };
		0A6A77BB1D76FBBB00CEE60E /* GMPAppInfo.m */ = {isa = PBXFileReference; fileEncoding = 4; lastKnownFileType = sourcecode.c.objc; path = GMPAppInfo.m; sourceTree = "<group>"; };
		0AA50E241D65AF9A0018C7DD /* MXPublicParamsFactory.h */ = {isa = PBXFileReference; fileEncoding = 4; lastKnownFileType = sourcecode.c.h; path = MXPublicParamsFactory.h; sourceTree = "<group>"; };
		0AA50E251D65AF9A0018C7DD /* MXPublicParamsFactory.m */ = {isa = PBXFileReference; fileEncoding = 4; lastKnownFileType = sourcecode.c.objc; path = MXPublicParamsFactory.m; sourceTree = "<group>"; };
		0AA50E281D65B84A0018C7DD /* MXGomePlusPublicParams.h */ = {isa = PBXFileReference; fileEncoding = 4; lastKnownFileType = sourcecode.c.h; name = MXGomePlusPublicParams.h; path = MXWebServiceDemo/MXGomePlusPublicParams.h; sourceTree = SOURCE_ROOT; };
		0AA50E291D65B84A0018C7DD /* MXGomePlusPublicParams.m */ = {isa = PBXFileReference; fileEncoding = 4; lastKnownFileType = sourcecode.c.objc; path = MXGomePlusPublicParams.m; sourceTree = "<group>"; };
		0AA50E2C1D65C5020018C7DD /* GGSafeHelper.h */ = {isa = PBXFileReference; fileEncoding = 4; lastKnownFileType = sourcecode.c.h; path = GGSafeHelper.h; sourceTree = "<group>"; };
		0AA50E2D1D65C5020018C7DD /* GGSafeHelper.m */ = {isa = PBXFileReference; fileEncoding = 4; lastKnownFileType = sourcecode.c.objc; path = GGSafeHelper.m; sourceTree = "<group>"; };
		0AA50E2E1D65C5020018C7DD /* NSData+Encryption.h */ = {isa = PBXFileReference; fileEncoding = 4; lastKnownFileType = sourcecode.c.h; path = "NSData+Encryption.h"; sourceTree = "<group>"; };
		0AA50E2F1D65C5020018C7DD /* NSData+Encryption.m */ = {isa = PBXFileReference; fileEncoding = 4; lastKnownFileType = sourcecode.c.objc; path = "NSData+Encryption.m"; sourceTree = "<group>"; };
		0AA50E301D65C5020018C7DD /* NSString+Encryption.h */ = {isa = PBXFileReference; fileEncoding = 4; lastKnownFileType = sourcecode.c.h; path = "NSString+Encryption.h"; sourceTree = "<group>"; };
		0AA50E311D65C5020018C7DD /* NSString+Encryption.m */ = {isa = PBXFileReference; fileEncoding = 4; lastKnownFileType = sourcecode.c.objc; path = "NSString+Encryption.m"; sourceTree = "<group>"; };
		0AA619EB1D61A7A4001B425D /* MXWebService.framework */ = {isa = PBXFileReference; explicitFileType = wrapper.framework; includeInIndex = 0; path = MXWebService.framework; sourceTree = BUILT_PRODUCTS_DIR; };
		0AA619EE1D61A7A4001B425D /* MXWebService.h */ = {isa = PBXFileReference; lastKnownFileType = sourcecode.c.h; path = MXWebService.h; sourceTree = "<group>"; };
		0AA619F01D61A7A4001B425D /* Info.plist */ = {isa = PBXFileReference; lastKnownFileType = text.plist.xml; path = Info.plist; sourceTree = "<group>"; };
		0AA619F51D61A7A4001B425D /* MXWebServiceTests.xctest */ = {isa = PBXFileReference; explicitFileType = wrapper.cfbundle; includeInIndex = 0; path = MXWebServiceTests.xctest; sourceTree = BUILT_PRODUCTS_DIR; };
		0AA619FA1D61A7A4001B425D /* MXWebServiceTests.m */ = {isa = PBXFileReference; lastKnownFileType = sourcecode.c.objc; path = MXWebServiceTests.m; sourceTree = "<group>"; };
		0AA619FC1D61A7A4001B425D /* Info.plist */ = {isa = PBXFileReference; lastKnownFileType = text.plist.xml; path = Info.plist; sourceTree = "<group>"; };
		0AA61A051D61A845001B425D /* create_webservice.sh */ = {isa = PBXFileReference; fileEncoding = 4; lastKnownFileType = text.script.sh; path = create_webservice.sh; sourceTree = "<group>"; };
		0AA61A071D61A845001B425D /* MXDataConverterFactory.h */ = {isa = PBXFileReference; fileEncoding = 4; lastKnownFileType = sourcecode.c.h; path = MXDataConverterFactory.h; sourceTree = "<group>"; };
		0AA61A081D61A845001B425D /* MXDataConverterFactory.m */ = {isa = PBXFileReference; fileEncoding = 4; lastKnownFileType = sourcecode.c.objc; path = MXDataConverterFactory.m; sourceTree = "<group>"; };
		0AA61A091D61A845001B425D /* MXDictionryConvertable.h */ = {isa = PBXFileReference; fileEncoding = 4; lastKnownFileType = sourcecode.c.h; path = MXDictionryConvertable.h; sourceTree = "<group>"; };
		0AA61A0A1D61A845001B425D /* MXGomePlusConverter.h */ = {isa = PBXFileReference; fileEncoding = 4; lastKnownFileType = sourcecode.c.h; path = MXGomePlusConverter.h; sourceTree = "<group>"; };
		0AA61A0B1D61A845001B425D /* MXGomePlusConverter.m */ = {isa = PBXFileReference; fileEncoding = 4; lastKnownFileType = sourcecode.c.objc; path = MXGomePlusConverter.m; sourceTree = "<group>"; };
		0AA61A0C1D61A845001B425D /* MXMethodDescription.h */ = {isa = PBXFileReference; fileEncoding = 4; lastKnownFileType = sourcecode.c.h; path = MXMethodDescription.h; sourceTree = "<group>"; };
		0AA61A0D1D61A845001B425D /* MXMethodDescription.m */ = {isa = PBXFileReference; fileEncoding = 4; lastKnownFileType = sourcecode.c.objc; path = MXMethodDescription.m; sourceTree = "<group>"; };
		0AA61A0E1D61A845001B425D /* MXParameterizeResult.h */ = {isa = PBXFileReference; fileEncoding = 4; lastKnownFileType = sourcecode.c.h; path = MXParameterizeResult.h; sourceTree = "<group>"; };
		0AA61A0F1D61A845001B425D /* MXParameterizeResult.m */ = {isa = PBXFileReference; fileEncoding = 4; lastKnownFileType = sourcecode.c.objc; path = MXParameterizeResult.m; sourceTree = "<group>"; };
		0AA61A101D61A845001B425D /* MXProtocolImpl.h */ = {isa = PBXFileReference; fileEncoding = 4; lastKnownFileType = sourcecode.c.h; path = MXProtocolImpl.h; sourceTree = "<group>"; };
		0AA61A111D61A845001B425D /* MXProtocolImpl.m */ = {isa = PBXFileReference; fileEncoding = 4; lastKnownFileType = sourcecode.c.objc; path = MXProtocolImpl.m; sourceTree = "<group>"; };
		0AA61A121D61A845001B425D /* MXTypeEncoding.h */ = {isa = PBXFileReference; fileEncoding = 4; lastKnownFileType = sourcecode.c.h; path = MXTypeEncoding.h; sourceTree = "<group>"; };
		0AA61A131D61A845001B425D /* MXTypeEncoding.m */ = {isa = PBXFileReference; fileEncoding = 4; lastKnownFileType = sourcecode.c.objc; path = MXTypeEncoding.m; sourceTree = "<group>"; };
		0AA61A141D61A845001B425D /* MXWebClient.h */ = {isa = PBXFileReference; fileEncoding = 4; lastKnownFileType = sourcecode.c.h; path = MXWebClient.h; sourceTree = "<group>"; };
		0AA61A151D61A845001B425D /* MXWebClient.m */ = {isa = PBXFileReference; fileEncoding = 4; lastKnownFileType = sourcecode.c.objc; path = MXWebClient.m; sourceTree = "<group>"; };
		0AA61A161D61A845001B425D /* NSInvocation+MXUtils.h */ = {isa = PBXFileReference; fileEncoding = 4; lastKnownFileType = sourcecode.c.h; path = "NSInvocation+MXUtils.h"; sourceTree = "<group>"; };
		0AA61A171D61A845001B425D /* NSInvocation+MXUtils.m */ = {isa = PBXFileReference; fileEncoding = 4; lastKnownFileType = sourcecode.c.objc; path = "NSInvocation+MXUtils.m"; sourceTree = "<group>"; };
		0AA61A181D61A845001B425D /* parse_webservice.pl */ = {isa = PBXFileReference; fileEncoding = 4; lastKnownFileType = text.script.perl; path = parse_webservice.pl; sourceTree = "<group>"; };
		0AA61A2C1D61AACD001B425D /* AFNetworking.framework */ = {isa = PBXFileReference; lastKnownFileType = wrapper.framework; name = AFNetworking.framework; path = ../Carthage/Build/iOS/AFNetworking.framework; sourceTree = "<group>"; };
/* End PBXFileReference section */

/* Begin PBXFrameworksBuildPhase section */
		0A3556381D63447D0063F587 /* Frameworks */ = {
			isa = PBXFrameworksBuildPhase;
			buildActionMask = 2147483647;
			files = (
				0A79DE8F1D76A3E30059C7C6 /* MXWebService.framework in Frameworks */,
				0A79DE951D76A4360059C7C6 /* AFNetworking.framework in Frameworks */,
			);
			runOnlyForDeploymentPostprocessing = 0;
		};
		0AA619E71D61A7A4001B425D /* Frameworks */ = {
			isa = PBXFrameworksBuildPhase;
			buildActionMask = 2147483647;
			files = (
				0AA61A2E1D61AACD001B425D /* AFNetworking.framework in Frameworks */,
			);
			runOnlyForDeploymentPostprocessing = 0;
		};
		0AA619F21D61A7A4001B425D /* Frameworks */ = {
			isa = PBXFrameworksBuildPhase;
			buildActionMask = 2147483647;
			files = (
				0AA619F61D61A7A4001B425D /* MXWebService.framework in Frameworks */,
			);
			runOnlyForDeploymentPostprocessing = 0;
		};
/* End PBXFrameworksBuildPhase section */

/* Begin PBXGroup section */
		0A35563C1D63447D0063F587 /* MXWebServiceDemo */ = {
			isa = PBXGroup;
			children = (
				0A6A77BA1D76FBBB00CEE60E /* GMPAppInfo.h */,
				0A6A77BB1D76FBBB00CEE60E /* GMPAppInfo.m */,
				0AA50E2B1D65C5020018C7DD /* Safe */,
				0A3556521D63450D0063F587 /* ModuleTestApi.h */,
				0A3556531D63450D0063F587 /* MXTextApi.h */,
				0A3556541D63450D0063F587 /* MXTextModel.h */,
				0A3556551D63450D0063F587 /* MXTextModel.m */,
				0A3556401D63447D0063F587 /* AppDelegate.h */,
				0A3556411D63447D0063F587 /* AppDelegate.m */,
				0A3556431D63447D0063F587 /* ViewController.h */,
				0A3556441D63447D0063F587 /* ViewController.m */,
				0A3556461D63447D0063F587 /* Main.storyboard */,
				0A3556491D63447D0063F587 /* Assets.xcassets */,
				0A35564B1D63447D0063F587 /* LaunchScreen.storyboard */,
				0A35564E1D63447D0063F587 /* Info.plist */,
				0A35563D1D63447D0063F587 /* Supporting Files */,
				0A35565C1D634BE00063F587 /* MXWebServiceDemo.pch */,
				0AA50E281D65B84A0018C7DD /* MXGomePlusPublicParams.h */,
				0AA50E291D65B84A0018C7DD /* MXGomePlusPublicParams.m */,
			);
			path = MXWebServiceDemo;
			sourceTree = "<group>";
		};
		0A35563D1D63447D0063F587 /* Supporting Files */ = {
			isa = PBXGroup;
			children = (
				0A35563E1D63447D0063F587 /* main.m */,
			);
			name = "Supporting Files";
			sourceTree = "<group>";
		};
		0AA50E2B1D65C5020018C7DD /* Safe */ = {
			isa = PBXGroup;
			children = (
				0AA50E2C1D65C5020018C7DD /* GGSafeHelper.h */,
				0AA50E2D1D65C5020018C7DD /* GGSafeHelper.m */,
				0AA50E2E1D65C5020018C7DD /* NSData+Encryption.h */,
				0AA50E2F1D65C5020018C7DD /* NSData+Encryption.m */,
				0AA50E301D65C5020018C7DD /* NSString+Encryption.h */,
				0AA50E311D65C5020018C7DD /* NSString+Encryption.m */,
			);
			path = Safe;
			sourceTree = "<group>";
		};
		0AA619E11D61A7A4001B425D = {
			isa = PBXGroup;
			children = (
				0AA61A2C1D61AACD001B425D /* AFNetworking.framework */,
				0AA619ED1D61A7A4001B425D /* MXWebService */,
				0AA619F91D61A7A4001B425D /* MXWebServiceTests */,
				0A35563C1D63447D0063F587 /* MXWebServiceDemo */,
				0AA619EC1D61A7A4001B425D /* Products */,
			);
			sourceTree = "<group>";
		};
		0AA619EC1D61A7A4001B425D /* Products */ = {
			isa = PBXGroup;
			children = (
				0AA619EB1D61A7A4001B425D /* MXWebService.framework */,
				0AA619F51D61A7A4001B425D /* MXWebServiceTests.xctest */,
				0A35563B1D63447D0063F587 /* MXWebServiceDemo.app */,
			);
			name = Products;
			sourceTree = "<group>";
		};
		0AA619ED1D61A7A4001B425D /* MXWebService */ = {
			isa = PBXGroup;
			children = (
				0AA61A061D61A845001B425D /* dataConvert */,
				0AA61A0C1D61A845001B425D /* MXMethodDescription.h */,
				0AA61A0D1D61A845001B425D /* MXMethodDescription.m */,
				0AA50E241D65AF9A0018C7DD /* MXPublicParamsFactory.h */,
				0AA50E251D65AF9A0018C7DD /* MXPublicParamsFactory.m */,
				0AA61A0E1D61A845001B425D /* MXParameterizeResult.h */,
				0AA61A0F1D61A845001B425D /* MXParameterizeResult.m */,
				0AA61A101D61A845001B425D /* MXProtocolImpl.h */,
				0AA61A111D61A845001B425D /* MXProtocolImpl.m */,
				0AA61A121D61A845001B425D /* MXTypeEncoding.h */,
				0AA61A131D61A845001B425D /* MXTypeEncoding.m */,
				0AA61A141D61A845001B425D /* MXWebClient.h */,
				0AA61A151D61A845001B425D /* MXWebClient.m */,
				0AA61A161D61A845001B425D /* NSInvocation+MXUtils.h */,
				0AA61A171D61A845001B425D /* NSInvocation+MXUtils.m */,
				0AA61A051D61A845001B425D /* create_webservice.sh */,
				0AA61A181D61A845001B425D /* parse_webservice.pl */,
				0AA619EE1D61A7A4001B425D /* MXWebService.h */,
				0AA619F01D61A7A4001B425D /* Info.plist */,
			);
			path = MXWebService;
			sourceTree = "<group>";
		};
		0AA619F91D61A7A4001B425D /* MXWebServiceTests */ = {
			isa = PBXGroup;
			children = (
				0AA619FA1D61A7A4001B425D /* MXWebServiceTests.m */,
				0AA619FC1D61A7A4001B425D /* Info.plist */,
			);
			path = MXWebServiceTests;
			sourceTree = "<group>";
		};
		0AA61A061D61A845001B425D /* dataConvert */ = {
			isa = PBXGroup;
			children = (
				0AA61A071D61A845001B425D /* MXDataConverterFactory.h */,
				0AA61A081D61A845001B425D /* MXDataConverterFactory.m */,
				0AA61A091D61A845001B425D /* MXDictionryConvertable.h */,
				0AA61A0A1D61A845001B425D /* MXGomePlusConverter.h */,
				0AA61A0B1D61A845001B425D /* MXGomePlusConverter.m */,
			);
			path = dataConvert;
			sourceTree = "<group>";
		};
/* End PBXGroup section */

/* Begin PBXHeadersBuildPhase section */
		0AA619E81D61A7A4001B425D /* Headers */ = {
			isa = PBXHeadersBuildPhase;
			buildActionMask = 2147483647;
			files = (
				0AA61A1D1D61A845001B425D /* MXGomePlusConverter.h in Headers */,
				0AA61A271D61A845001B425D /* MXWebClient.h in Headers */,
				0AA61A1A1D61A845001B425D /* MXDataConverterFactory.h in Headers */,
				0AA50E261D65AF9A0018C7DD /* MXPublicParamsFactory.h in Headers */,
				0AA61A1C1D61A845001B425D /* MXDictionryConvertable.h in Headers */,
				0AA61A231D61A845001B425D /* MXProtocolImpl.h in Headers */,
				0AA61A211D61A845001B425D /* MXParameterizeResult.h in Headers */,
				0AA61A291D61A845001B425D /* NSInvocation+MXUtils.h in Headers */,
				0AA61A251D61A845001B425D /* MXTypeEncoding.h in Headers */,
				0AA61A1F1D61A845001B425D /* MXMethodDescription.h in Headers */,
				0AA619EF1D61A7A4001B425D /* MXWebService.h in Headers */,
			);
			runOnlyForDeploymentPostprocessing = 0;
		};
/* End PBXHeadersBuildPhase section */

/* Begin PBXNativeTarget section */
		0A35563A1D63447D0063F587 /* MXWebServiceDemo */ = {
			isa = PBXNativeTarget;
			buildConfigurationList = 0A35564F1D63447D0063F587 /* Build configuration list for PBXNativeTarget "MXWebServiceDemo" */;
			buildPhases = (
				0A3556371D63447D0063F587 /* Sources */,
				0A3556381D63447D0063F587 /* Frameworks */,
				0A3556391D63447D0063F587 /* Resources */,
				0A35565E1D6357510063F587 /* ShellScript */,
				0A79DE931D76A3E30059C7C6 /* Embed Frameworks */,
			);
			buildRules = (
			);
			dependencies = (
				0A79DE921D76A3E30059C7C6 /* PBXTargetDependency */,
			);
			name = MXWebServiceDemo;
			productName = MXWebServiceDemo;
			productReference = 0A35563B1D63447D0063F587 /* MXWebServiceDemo.app */;
			productType = "com.apple.product-type.application";
		};
		0AA619EA1D61A7A4001B425D /* MXWebService */ = {
			isa = PBXNativeTarget;
			buildConfigurationList = 0AA619FF1D61A7A4001B425D /* Build configuration list for PBXNativeTarget "MXWebService" */;
			buildPhases = (
				0AA619E61D61A7A4001B425D /* Sources */,
				0AA619E71D61A7A4001B425D /* Frameworks */,
				0AA619E81D61A7A4001B425D /* Headers */,
				0AA619E91D61A7A4001B425D /* Resources */,
				0AA61A301D61AB52001B425D /* ShellScript */,
			);
			buildRules = (
			);
			dependencies = (
			);
			name = MXWebService;
			productName = MXWebService;
			productReference = 0AA619EB1D61A7A4001B425D /* MXWebService.framework */;
			productType = "com.apple.product-type.framework";
		};
		0AA619F41D61A7A4001B425D /* MXWebServiceTests */ = {
			isa = PBXNativeTarget;
			buildConfigurationList = 0AA61A021D61A7A4001B425D /* Build configuration list for PBXNativeTarget "MXWebServiceTests" */;
			buildPhases = (
				0AA619F11D61A7A4001B425D /* Sources */,
				0AA619F21D61A7A4001B425D /* Frameworks */,
				0AA619F31D61A7A4001B425D /* Resources */,
			);
			buildRules = (
			);
			dependencies = (
				0AA619F81D61A7A4001B425D /* PBXTargetDependency */,
			);
			name = MXWebServiceTests;
			productName = MXWebServiceTests;
			productReference = 0AA619F51D61A7A4001B425D /* MXWebServiceTests.xctest */;
			productType = "com.apple.product-type.bundle.unit-test";
		};
/* End PBXNativeTarget section */

/* Begin PBXProject section */
		0AA619E21D61A7A4001B425D /* Project object */ = {
			isa = PBXProject;
			attributes = {
				LastUpgradeCheck = 0730;
				ORGANIZATIONNAME = meixin;
				TargetAttributes = {
					0A35563A1D63447D0063F587 = {
						CreatedOnToolsVersion = 7.3.1;
					};
					0AA619EA1D61A7A4001B425D = {
						CreatedOnToolsVersion = 7.3.1;
					};
					0AA619F41D61A7A4001B425D = {
						CreatedOnToolsVersion = 7.3.1;
					};
				};
			};
			buildConfigurationList = 0AA619E51D61A7A4001B425D /* Build configuration list for PBXProject "MXWebService" */;
			compatibilityVersion = "Xcode 3.2";
			developmentRegion = English;
			hasScannedForEncodings = 0;
			knownRegions = (
				en,
				Base,
			);
			mainGroup = 0AA619E11D61A7A4001B425D;
			productRefGroup = 0AA619EC1D61A7A4001B425D /* Products */;
			projectDirPath = "";
			projectRoot = "";
			targets = (
				0AA619EA1D61A7A4001B425D /* MXWebService */,
				0AA619F41D61A7A4001B425D /* MXWebServiceTests */,
				0A35563A1D63447D0063F587 /* MXWebServiceDemo */,
			);
		};
/* End PBXProject section */

/* Begin PBXResourcesBuildPhase section */
		0A3556391D63447D0063F587 /* Resources */ = {
			isa = PBXResourcesBuildPhase;
			buildActionMask = 2147483647;
			files = (
				0A79DE8B1D7691530059C7C6 /* MXWebService.framework in Resources */,
				0A79DE8A1D7691390059C7C6 /* AFNetworking.framework in Resources */,
				0A35564D1D63447D0063F587 /* LaunchScreen.storyboard in Resources */,
				0A35564A1D63447D0063F587 /* Assets.xcassets in Resources */,
				0A3556481D63447D0063F587 /* Main.storyboard in Resources */,
			);
			runOnlyForDeploymentPostprocessing = 0;
		};
		0AA619E91D61A7A4001B425D /* Resources */ = {
			isa = PBXResourcesBuildPhase;
			buildActionMask = 2147483647;
			files = (
				0AA61A2B1D61A845001B425D /* parse_webservice.pl in Resources */,
				0AA61A191D61A845001B425D /* create_webservice.sh in Resources */,
			);
			runOnlyForDeploymentPostprocessing = 0;
		};
		0AA619F31D61A7A4001B425D /* Resources */ = {
			isa = PBXResourcesBuildPhase;
			buildActionMask = 2147483647;
			files = (
			);
			runOnlyForDeploymentPostprocessing = 0;
		};
/* End PBXResourcesBuildPhase section */

/* Begin PBXShellScriptBuildPhase section */
		0A35565E1D6357510063F587 /* ShellScript */ = {
			isa = PBXShellScriptBuildPhase;
			buildActionMask = 2147483647;
			files = (
			);
			inputPaths = (
			);
			outputPaths = (
			);
			runOnlyForDeploymentPostprocessing = 0;
			shellPath = /bin/sh;
			shellScript = MXWebService/create_webservice.sh;
		};
		0AA61A301D61AB52001B425D /* ShellScript */ = {
			isa = PBXShellScriptBuildPhase;
			buildActionMask = 2147483647;
			files = (
			);
			inputPaths = (
			);
			outputPaths = (
			);
			runOnlyForDeploymentPostprocessing = 0;
			shellPath = /bin/sh;
			shellScript = MXWebService/create_webservice.sh;
		};
/* End PBXShellScriptBuildPhase section */

/* Begin PBXSourcesBuildPhase section */
		0A3556371D63447D0063F587 /* Sources */ = {
			isa = PBXSourcesBuildPhase;
			buildActionMask = 2147483647;
			files = (
				0A3556451D63447D0063F587 /* ViewController.m in Sources */,
				0A3556421D63447D0063F587 /* AppDelegate.m in Sources */,
				0AA50E321D65C5020018C7DD /* GGSafeHelper.m in Sources */,
				0A35563F1D63447D0063F587 /* main.m in Sources */,
				0AA50E331D65C5020018C7DD /* NSData+Encryption.m in Sources */,
				0A6A77BC1D76FBBB00CEE60E /* GMPAppInfo.m in Sources */,
				0A3556561D63450D0063F587 /* MXTextModel.m in Sources */,
				0AA50E341D65C5020018C7DD /* NSString+Encryption.m in Sources */,
				0AA50E2A1D65B84A0018C7DD /* MXGomePlusPublicParams.m in Sources */,
			);
			runOnlyForDeploymentPostprocessing = 0;
		};
		0AA619E61D61A7A4001B425D /* Sources */ = {
			isa = PBXSourcesBuildPhase;
			buildActionMask = 2147483647;
			files = (
				0AA61A241D61A845001B425D /* MXProtocolImpl.m in Sources */,
				0AA61A1B1D61A845001B425D /* MXDataConverterFactory.m in Sources */,
				0AA61A201D61A845001B425D /* MXMethodDescription.m in Sources */,
				0AA61A221D61A845001B425D /* MXParameterizeResult.m in Sources */,
				0AA61A281D61A845001B425D /* MXWebClient.m in Sources */,
				0AA61A2A1D61A845001B425D /* NSInvocation+MXUtils.m in Sources */,
				0AA61A1E1D61A845001B425D /* MXGomePlusConverter.m in Sources */,
				0AA50E271D65AF9A0018C7DD /* MXPublicParamsFactory.m in Sources */,
				0AA61A261D61A845001B425D /* MXTypeEncoding.m in Sources */,
			);
			runOnlyForDeploymentPostprocessing = 0;
		};
		0AA619F11D61A7A4001B425D /* Sources */ = {
			isa = PBXSourcesBuildPhase;
			buildActionMask = 2147483647;
			files = (
				0AA619FB1D61A7A4001B425D /* MXWebServiceTests.m in Sources */,
			);
			runOnlyForDeploymentPostprocessing = 0;
		};
/* End PBXSourcesBuildPhase section */

/* Begin PBXTargetDependency section */
		0A79DE921D76A3E30059C7C6 /* PBXTargetDependency */ = {
			isa = PBXTargetDependency;
			target = 0AA619EA1D61A7A4001B425D /* MXWebService */;
			targetProxy = 0A79DE911D76A3E30059C7C6 /* PBXContainerItemProxy */;
		};
		0AA619F81D61A7A4001B425D /* PBXTargetDependency */ = {
			isa = PBXTargetDependency;
			target = 0AA619EA1D61A7A4001B425D /* MXWebService */;
			targetProxy = 0AA619F71D61A7A4001B425D /* PBXContainerItemProxy */;
		};
/* End PBXTargetDependency section */

/* Begin PBXVariantGroup section */
		0A3556461D63447D0063F587 /* Main.storyboard */ = {
			isa = PBXVariantGroup;
			children = (
				0A3556471D63447D0063F587 /* Base */,
			);
			name = Main.storyboard;
			sourceTree = "<group>";
		};
		0A35564B1D63447D0063F587 /* LaunchScreen.storyboard */ = {
			isa = PBXVariantGroup;
			children = (
				0A35564C1D63447D0063F587 /* Base */,
			);
			name = LaunchScreen.storyboard;
			sourceTree = "<group>";
		};
/* End PBXVariantGroup section */

/* Begin XCBuildConfiguration section */
		0A3556501D63447D0063F587 /* Debug */ = {
			isa = XCBuildConfiguration;
			buildSettings = {
				ASSETCATALOG_COMPILER_APPICON_NAME = AppIcon;
				EMBEDDED_CONTENT_CONTAINS_SWIFT = NO;
				FRAMEWORK_SEARCH_PATHS = "$(PROJECT_DIR)/../Carthage/Build/iOS";
				GCC_PRECOMPILE_PREFIX_HEADER = YES;
				GCC_PREFIX_HEADER = MXWebServiceDemo/MXWebServiceDemo.pch;
				HEADER_SEARCH_PATHS = "";
				INFOPLIST_FILE = MXWebServiceDemo/Info.plist;
				LD_RUNPATH_SEARCH_PATHS = "$(inherited) @executable_path/Frameworks";
				MACH_O_TYPE = mh_execute;
				PRODUCT_BUNDLE_IDENTIFIER = com.gome.o2o.buy.pre;
				PRODUCT_NAME = "$(TARGET_NAME)";
				PROVISIONING_PROFILE = "697158dd-d4f5-495f-bb8e-ead2b8af8c52";
			};
			name = Debug;
		};
		0A3556511D63447D0063F587 /* Release */ = {
			isa = XCBuildConfiguration;
			buildSettings = {
				ASSETCATALOG_COMPILER_APPICON_NAME = AppIcon;
				CODE_SIGN_IDENTITY = "iPhone Distribution: Guo Mei Zai Xian E-commerce Co., Ltd.";
				"CODE_SIGN_IDENTITY[sdk=iphoneos*]" = "iPhone Distribution: Guo Mei Zai Xian E-commerce Co., Ltd.";
				EMBEDDED_CONTENT_CONTAINS_SWIFT = NO;
				FRAMEWORK_SEARCH_PATHS = "$(PROJECT_DIR)/../Carthage/Build/iOS";
				GCC_PRECOMPILE_PREFIX_HEADER = YES;
				GCC_PREFIX_HEADER = MXWebServiceDemo/MXWebServiceDemo.pch;
				HEADER_SEARCH_PATHS = "";
				INFOPLIST_FILE = MXWebServiceDemo/Info.plist;
				LD_RUNPATH_SEARCH_PATHS = "$(inherited) @executable_path/Frameworks";
				MACH_O_TYPE = mh_execute;
				PRODUCT_BUNDLE_IDENTIFIER = com.gome.o2o.buy.pre;
				PRODUCT_NAME = "$(TARGET_NAME)";
				PROVISIONING_PROFILE = "697158dd-d4f5-495f-bb8e-ead2b8af8c52";
			};
			name = Release;
		};
		0AA619FD1D61A7A4001B425D /* Debug */ = {
			isa = XCBuildConfiguration;
			buildSettings = {
				ALWAYS_SEARCH_USER_PATHS = NO;
				CLANG_ANALYZER_NONNULL = YES;
				CLANG_CXX_LANGUAGE_STANDARD = "gnu++0x";
				CLANG_CXX_LIBRARY = "libc++";
				CLANG_ENABLE_MODULES = YES;
				CLANG_ENABLE_OBJC_ARC = YES;
				CLANG_WARN_BOOL_CONVERSION = YES;
				CLANG_WARN_CONSTANT_CONVERSION = YES;
				CLANG_WARN_DIRECT_OBJC_ISA_USAGE = YES_ERROR;
				CLANG_WARN_EMPTY_BODY = YES;
				CLANG_WARN_ENUM_CONVERSION = YES;
				CLANG_WARN_INT_CONVERSION = YES;
				CLANG_WARN_OBJC_ROOT_CLASS = YES_ERROR;
				CLANG_WARN_UNREACHABLE_CODE = YES;
				CLANG_WARN__DUPLICATE_METHOD_MATCH = YES;
				"CODE_SIGN_IDENTITY[sdk=iphoneos*]" = "iPhone Developer";
				COPY_PHASE_STRIP = NO;
				CURRENT_PROJECT_VERSION = 1;
				DEBUG_INFORMATION_FORMAT = dwarf;
				ENABLE_STRICT_OBJC_MSGSEND = YES;
				ENABLE_TESTABILITY = YES;
				GCC_C_LANGUAGE_STANDARD = gnu99;
				GCC_DYNAMIC_NO_PIC = NO;
				GCC_NO_COMMON_BLOCKS = YES;
				GCC_OPTIMIZATION_LEVEL = 0;
				GCC_PREPROCESSOR_DEFINITIONS = (
					"DEBUG=1",
					"$(inherited)",
				);
				GCC_WARN_64_TO_32_BIT_CONVERSION = YES;
				GCC_WARN_ABOUT_RETURN_TYPE = YES_ERROR;
				GCC_WARN_UNDECLARED_SELECTOR = YES;
				GCC_WARN_UNINITIALIZED_AUTOS = YES_AGGRESSIVE;
				GCC_WARN_UNUSED_FUNCTION = YES;
				GCC_WARN_UNUSED_VARIABLE = YES;
				IPHONEOS_DEPLOYMENT_TARGET = 9.3;
				MACH_O_TYPE = mh_execute;
				MTL_ENABLE_DEBUG_INFO = YES;
				ONLY_ACTIVE_ARCH = YES;
				SDKROOT = iphoneos;
				TARGETED_DEVICE_FAMILY = "1,2";
				VERSIONING_SYSTEM = "apple-generic";
				VERSION_INFO_PREFIX = "";
			};
			name = Debug;
		};
		0AA619FE1D61A7A4001B425D /* Release */ = {
			isa = XCBuildConfiguration;
			buildSettings = {
				ALWAYS_SEARCH_USER_PATHS = NO;
				CLANG_ANALYZER_NONNULL = YES;
				CLANG_CXX_LANGUAGE_STANDARD = "gnu++0x";
				CLANG_CXX_LIBRARY = "libc++";
				CLANG_ENABLE_MODULES = YES;
				CLANG_ENABLE_OBJC_ARC = YES;
				CLANG_WARN_BOOL_CONVERSION = YES;
				CLANG_WARN_CONSTANT_CONVERSION = YES;
				CLANG_WARN_DIRECT_OBJC_ISA_USAGE = YES_ERROR;
				CLANG_WARN_EMPTY_BODY = YES;
				CLANG_WARN_ENUM_CONVERSION = YES;
				CLANG_WARN_INT_CONVERSION = YES;
				CLANG_WARN_OBJC_ROOT_CLASS = YES_ERROR;
				CLANG_WARN_UNREACHABLE_CODE = YES;
				CLANG_WARN__DUPLICATE_METHOD_MATCH = YES;
				"CODE_SIGN_IDENTITY[sdk=iphoneos*]" = "iPhone Developer";
				COPY_PHASE_STRIP = NO;
				CURRENT_PROJECT_VERSION = 1;
				DEBUG_INFORMATION_FORMAT = "dwarf-with-dsym";
				ENABLE_NS_ASSERTIONS = NO;
				ENABLE_STRICT_OBJC_MSGSEND = YES;
				GCC_C_LANGUAGE_STANDARD = gnu99;
				GCC_NO_COMMON_BLOCKS = YES;
				GCC_WARN_64_TO_32_BIT_CONVERSION = YES;
				GCC_WARN_ABOUT_RETURN_TYPE = YES_ERROR;
				GCC_WARN_UNDECLARED_SELECTOR = YES;
				GCC_WARN_UNINITIALIZED_AUTOS = YES_AGGRESSIVE;
				GCC_WARN_UNUSED_FUNCTION = YES;
				GCC_WARN_UNUSED_VARIABLE = YES;
				IPHONEOS_DEPLOYMENT_TARGET = 9.3;
				MACH_O_TYPE = mh_execute;
				MTL_ENABLE_DEBUG_INFO = NO;
				SDKROOT = iphoneos;
				TARGETED_DEVICE_FAMILY = "1,2";
				VALIDATE_PRODUCT = YES;
				VERSIONING_SYSTEM = "apple-generic";
				VERSION_INFO_PREFIX = "";
			};
			name = Release;
		};
		0AA61A001D61A7A4001B425D /* Debug */ = {
			isa = XCBuildConfiguration;
			buildSettings = {
				DEFINES_MODULE = YES;
				DYLIB_COMPATIBILITY_VERSION = 1;
				DYLIB_CURRENT_VERSION = 1;
				DYLIB_INSTALL_NAME_BASE = "@rpath";
				EMBEDDED_CONTENT_CONTAINS_SWIFT = NO;
				ENABLE_BITCODE = YES;
				FRAMEWORK_SEARCH_PATHS = "$(PROJECT_DIR)/../Carthage/Build/iOS";
				INFOPLIST_FILE = MXWebService/Info.plist;
				INSTALL_PATH = "$(LOCAL_LIBRARY_DIR)/Frameworks";
				LD_RUNPATH_SEARCH_PATHS = "$(inherited) @executable_path/Frameworks @loader_path/Frameworks";
				MACH_O_TYPE = mh_dylib;
				PRODUCT_BUNDLE_IDENTIFIER = com.mx.meixin.MXWebService;
				PRODUCT_NAME = "$(TARGET_NAME)";
				SKIP_INSTALL = YES;
			};
			name = Debug;
		};
		0AA61A011D61A7A4001B425D /* Release */ = {
			isa = XCBuildConfiguration;
			buildSettings = {
				DEFINES_MODULE = YES;
				DYLIB_COMPATIBILITY_VERSION = 1;
				DYLIB_CURRENT_VERSION = 1;
				DYLIB_INSTALL_NAME_BASE = "@rpath";
				EMBEDDED_CONTENT_CONTAINS_SWIFT = NO;
				ENABLE_BITCODE = YES;
				FRAMEWORK_SEARCH_PATHS = "$(PROJECT_DIR)/../Carthage/Build/iOS";
				INFOPLIST_FILE = MXWebService/Info.plist;
				INSTALL_PATH = "$(LOCAL_LIBRARY_DIR)/Frameworks";
				LD_RUNPATH_SEARCH_PATHS = "$(inherited) @executable_path/Frameworks @loader_path/Frameworks";
				MACH_O_TYPE = mh_dylib;
				PRODUCT_BUNDLE_IDENTIFIER = com.mx.meixin.MXWebService;
				PRODUCT_NAME = "$(TARGET_NAME)";
				SKIP_INSTALL = YES;
			};
			name = Release;
		};
		0AA61A031D61A7A4001B425D /* Debug */ = {
			isa = XCBuildConfiguration;
			buildSettings = {
				EMBEDDED_CONTENT_CONTAINS_SWIFT = YES;
				FRAMEWORK_SEARCH_PATHS = "$(PROJECT_DIR)/../Carthage/Build/iOS";
				INFOPLIST_FILE = MXWebServiceTests/Info.plist;
				LD_RUNPATH_SEARCH_PATHS = "$(inherited) @executable_path/Frameworks @loader_path/Frameworks $(PROJECT_DIR)/../Carthage/Build/iOS";
				PRODUCT_BUNDLE_IDENTIFIER = com.mx.meixin.MXWebServiceTests;
				PRODUCT_NAME = "$(TARGET_NAME)";
			};
			name = Debug;
		};
		0AA61A041D61A7A4001B425D /* Release */ = {
			isa = XCBuildConfiguration;
			buildSettings = {
				EMBEDDED_CONTENT_CONTAINS_SWIFT = YES;
				FRAMEWORK_SEARCH_PATHS = "$(PROJECT_DIR)/../Carthage/Build/iOS";
				INFOPLIST_FILE = MXWebServiceTests/Info.plist;
				LD_RUNPATH_SEARCH_PATHS = "$(inherited) @executable_path/Frameworks @loader_path/Frameworks $(PROJECT_DIR)/../Carthage/Build/iOS";
				PRODUCT_BUNDLE_IDENTIFIER = com.mx.meixin.MXWebServiceTests;
				PRODUCT_NAME = "$(TARGET_NAME)";
			};
			name = Release;
		};
/* End XCBuildConfiguration section */

/* Begin XCConfigurationList section */
		0A35564F1D63447D0063F587 /* Build configuration list for PBXNativeTarget "MXWebServiceDemo" */ = {
			isa = XCConfigurationList;
			buildConfigurations = (
				0A3556501D63447D0063F587 /* Debug */,
				0A3556511D63447D0063F587 /* Release */,
			);
			defaultConfigurationIsVisible = 0;
			defaultConfigurationName = Release;
		};
		0AA619E51D61A7A4001B425D /* Build configuration list for PBXProject "MXWebService" */ = {
			isa = XCConfigurationList;
			buildConfigurations = (
				0AA619FD1D61A7A4001B425D /* Debug */,
				0AA619FE1D61A7A4001B425D /* Release */,
			);
			defaultConfigurationIsVisible = 0;
			defaultConfigurationName = Release;
		};
		0AA619FF1D61A7A4001B425D /* Build configuration list for PBXNativeTarget "MXWebService" */ = {
			isa = XCConfigurationList;
			buildConfigurations = (
				0AA61A001D61A7A4001B425D /* Debug */,
				0AA61A011D61A7A4001B425D /* Release */,
			);
			defaultConfigurationIsVisible = 0;
			defaultConfigurationName = Release;
		};
		0AA61A021D61A7A4001B425D /* Build configuration list for PBXNativeTarget "MXWebServiceTests" */ = {
			isa = XCConfigurationList;
			buildConfigurations = (
				0AA61A031D61A7A4001B425D /* Debug */,
				0AA61A041D61A7A4001B425D /* Release */,
			);
			defaultConfigurationIsVisible = 0;
			defaultConfigurationName = Release;
		};
/* End XCConfigurationList section */
	};
	rootObject = 0AA619E21D61A7A4001B425D /* Project object */;
}
